
Microsoft Visual Studio Solution File, Format Version 12.00
# Visual Studio Version 17
VisualStudioVersion = 17.0.32112.339
MinimumVisualStudioVersion = 10.0.40219.1
Project("{FAE04EC0-301F-11D3-BF4B-00C04F79EFBC}") = "WebApp", "WebApp.csproj", "{B7EF88B3-118B-471E-97FF-B00526BC0468}"
EndProject
Global
	GlobalSection(SolutionConfigurationPlatforms) = preSolution
		Debug|Any CPU = Debug|Any CPU
		Release|Any CPU = Release|Any CPU
	EndGlobalSection
	GlobalSection(ProjectConfigurationPlatforms) = postSolution
		{B7EF88B3-118B-471E-97FF-B00526BC0468}.Debug|Any CPU.ActiveCfg = Debug|Any CPU
		{B7EF88B3-118B-471E-97FF-B00526BC0468}.Debug|Any CPU.Build.0 = Debug|Any CPU
		{B7EF88B3-118B-471E-97FF-B00526BC0468}.Release|Any CPU.ActiveCfg = Release|Any CPU
		{B7EF88B3-118B-471E-97FF-B00526BC0468}.Release|Any CPU.Build.0 = Release|Any CPU
	EndGlobalSection
	GlobalSection(SolutionProperties) = preSolution
		HideSolutionNode = FALSE
	EndGlobalSection
	GlobalSection(ExtensibilityGlobals) = postSolution
		SolutionGuid = {DF2ECE56-CE8D-491A-A21D-FEC5E3F99628}
	EndGlobalSection
EndGlobal
